lockfileVersion: '6.0'

settings:
    autoInstallPeers: true
    excludeLinksFromLockfile: false

devDependencies:
    '@twind/core':
        specifier: ^1.1.2
        version: 1.1.3(typescript@5.4.5)
    preact:
        specifier: ^10.21.0
        version: 10.21.0
    preact-iso:
        specifier: ^2.6.2
        version: 2.6.2(preact-render-to-string@6.4.2)(preact@10.21.0)
    preact-render-to-string:
        specifier: ^6.4.2
        version: 6.4.2(preact@10.21.0)
    prettier:
        specifier: ^2.8.1
        version: 2.8.8
    prettier-config-rschristian:
        specifier: ^0.1.1
        version: 0.1.1(prettier@2.8.8)
    typescript:
        specifier: ^5.4.5
        version: 5.4.5

packages:
    /@twind/core@1.1.3(typescript@5.4.5):
        resolution:
            {
                integrity: sha512-/B/aNFerMb2IeyjSJy3SJxqVxhrT77gBDknLMiZqXIRr4vNJqiuhx7KqUSRzDCwUmyGuogkamz+aOLzN6MeSLw==,
            }
        engines: { node: '>=14.15.0' }
        peerDependencies:
            typescript: ^4.8.4
        peerDependenciesMeta:
            typescript:
                optional: true
        dependencies:
            csstype: 3.1.3
            typescript: 5.4.5
        dev: true

    /csstype@3.1.3:
        resolution:
            {
                integrity: sha512-M1uQkMl8rQK/szD0LNhtqxIPLpimGm8sOBwU7lLnCpSbTyY3yeU1Vc7l4KT5zT4s/yOxHH5O7tIuuLOCnLADRw==,
            }
        dev: true

    /preact-iso@2.6.2(preact-render-to-string@6.4.2)(preact@10.21.0):
        resolution:
            {
                integrity: sha512-2NjCMpKgprp6xUk3EqECcuVXsdPfcz6Uf5dcRQYfnbYm0sHAt+klhAk4VRvUNSqDtL3H0ly7xD+kScF52CF+ZA==,
            }
        peerDependencies:
            preact: '>=10'
            preact-render-to-string: '>=6.4.0'
        dependencies:
            preact: 10.21.0
            preact-render-to-string: 6.4.2(preact@10.21.0)
        dev: true

    /preact-render-to-string@6.4.2(preact@10.21.0):
        resolution:
            {
                integrity: sha512-Sio5SvlyZSAXHuvnMgYzVQd67lNIuQe4uSjJ+2gfpJNC6L8zoHQR5xV7B/EjIqrAYWVyJ2eACkTCxVrIzZi6Vw==,
            }
        peerDependencies:
            preact: '>=10'
        dependencies:
            preact: 10.21.0
            pretty-format: 3.8.0
        dev: true

    /preact@10.21.0:
        resolution:
            {
                integrity: sha512-aQAIxtzWEwH8ou+OovWVSVNlFImL7xUCwJX3YMqA3U8iKCNC34999fFOnWjYNsylgfPgMexpbk7WYOLtKr/mxg==,
            }
        dev: true

    /prettier-config-rschristian@0.1.1(prettier@2.8.8):
        resolution:
            {
                integrity: sha512-PRs3vZn+1PTGTTtDfdDZdrhzLhQCu4Qe5HxWo1R3Ui2R8X2PX5rKEg7NOfZbvjla0686+nYocV3mDOhMz2D4WQ==,
            }
        peerDependencies:
            prettier: 2.x
        dependencies:
            prettier: 2.8.8
        dev: true

    /prettier@2.8.8:
        resolution:
            {
                integrity: sha512-tdN8qQGvNjw4CHbY+XXk0JgCXn9QiF21a55rBe5LJAU+kDyC4WQn4+awm2Xfk2lQMk5fKup9XgzTZtGkjBdP9Q==,
            }
        engines: { node: '>=10.13.0' }
        hasBin: true
        dev: true

    /pretty-format@3.8.0:
        resolution:
            {
                integrity: sha512-WuxUnVtlWL1OfZFQFuqvnvs6MiAGk9UNsBostyBOB0Is9wb5uRESevA6rnl/rkksXaGX3GzZhPup5d6Vp1nFew==,
            }
        dev: true

    /typescript@5.4.5:
        resolution:
            {
                integrity: sha512-vcI4UpRgg81oIRUFwR0WSIHKt11nJ7SAVlYNIu+QpqeyXP+gpQJy/Z4+F0aGxSE4MqwjyXvW/TzgkLAx2AGHwQ==,
            }
        engines: { node: '>=14.17' }
        hasBin: true
        dev: true
