lockfileVersion: '9.0'

settings:
  autoInstallPeers: true
  excludeLinksFromLockfile: false

importers:

  .:
    devDependencies:
      '@twind/core':
        specifier: ^1.1.2
        version: 1.1.3(typescript@5.9.3)
      preact:
        specifier: ^10.21.0
        version: 10.27.2
      preact-iso:
        specifier: ^2.6.2
        version: 2.11.0(preact-render-to-string@6.6.2(preact@10.27.2))(preact@10.27.2)
      preact-render-to-string:
        specifier: ^6.4.2
        version: 6.6.2(preact@10.27.2)
      prettier:
        specifier: ^2.8.1
        version: 2.8.8
      prettier-config-rschristian:
        specifier: ^0.1.1
        version: 0.1.2(prettier@2.8.8)
      typescript:
        specifier: ^5.4.5
        version: 5.9.3

packages:

  '@twind/core@1.1.3':
    resolution: {integrity: sha512-/B/aNFerMb2IeyjSJy3SJxqVxhrT77gBDknLMiZqXIRr4vNJqiuhx7KqUSRzDCwUmyGuogkamz+aOLzN6MeSLw==}
    engines: {node: '>=14.15.0'}
    peerDependencies:
      typescript: ^4.8.4
    peerDependenciesMeta:
      typescript:
        optional: true

  csstype@3.1.3:
    resolution: {integrity: sha512-M1uQkMl8rQK/szD0LNhtqxIPLpimGm8sOBwU7lLnCpSbTyY3yeU1Vc7l4KT5zT4s/yOxHH5O7tIuuLOCnLADRw==}

  preact-iso@2.11.0:
    resolution: {integrity: sha512-oThWJQcgcnaWh6UKy1qrBkxIWp5CkqvnHiFdLiDUxfNkGdpQ5veGQw9wOVS0NDp7X8xo98wxE4wng5jLv1e9Ug==}
    peerDependencies:
      preact: '>=10 || >= 11.0.0-0'
      preact-render-to-string: '>=6.4.0'

  preact-render-to-string@6.6.2:
    resolution: {integrity: sha512-VJ++Pkzv6+ZOmeN/9Qvx0mRdXqnei1Lo3uu9bGvYHhoMI1VUkDT44hcpGbiokl/kuuYTayYa3yvmYTLZMplfMA==}
    peerDependencies:
      preact: '>=10 || >= 11.0.0-0'

  preact@10.27.2:
    resolution: {integrity: sha512-5SYSgFKSyhCbk6SrXyMpqjb5+MQBgfvEKE/OC+PujcY34sOpqtr+0AZQtPYx5IA6VxynQ7rUPCtKzyovpj9Bpg==}

  prettier-config-rschristian@0.1.2:
    resolution: {integrity: sha512-UgGGfbP8Kezjr/R/Dh76J6fK1rN5vEBkYGi11LXNbAJsy1VtIdMuaphb/sYOuGCg7FG4RNwiKwszqvO8UP+t+Q==}
    peerDependencies:
      prettier: 2.x

  prettier@2.8.8:
    resolution: {integrity: sha512-tdN8qQGvNjw4CHbY+XXk0JgCXn9QiF21a55rBe5LJAU+kDyC4WQn4+awm2Xfk2lQMk5fKup9XgzTZtGkjBdP9Q==}
    engines: {node: '>=10.13.0'}
    hasBin: true

  typescript@5.9.3:
    resolution: {integrity: sha512-jl1vZzPDinLr9eUt3J/t7V6FgNEw9QjvBPdysz9KfQDD41fQrC2Y4vKQdiaUpFT4bXlb1RHhLpp8wtm6M5TgSw==}
    engines: {node: '>=14.17'}
    hasBin: true

snapshots:

  '@twind/core@1.1.3(typescript@5.9.3)':
    dependencies:
      csstype: 3.1.3
    optionalDependencies:
      typescript: 5.9.3

  csstype@3.1.3: {}

  preact-iso@2.11.0(preact-render-to-string@6.6.2(preact@10.27.2))(preact@10.27.2):
    dependencies:
      preact: 10.27.2
      preact-render-to-string: 6.6.2(preact@10.27.2)

  preact-render-to-string@6.6.2(preact@10.27.2):
    dependencies:
      preact: 10.27.2

  preact@10.27.2: {}

  prettier-config-rschristian@0.1.2(prettier@2.8.8):
    dependencies:
      prettier: 2.8.8

  prettier@2.8.8: {}

  typescript@5.9.3: {}
